
Microsoft Visual Studio Solution File, Format Version 12.00
# Visual Studio 15
VisualStudioVersion = 15.0.28307.645
MinimumVisualStudioVersion = 10.0.40219.1
Project("{9A19103F-16F7-4668-BE54-9A1E7A4F7556}") = "ClientUI", "ClientUI\ClientUI.csproj", "{1639BA6D-8E95-45F5-B4F3-608AE54B0B16}"
EndProject
Project("{FAE04EC0-301F-11D3-BF4B-00C04F79EFBC}") = "Messages", "Messages\Messages.csproj", "{503DA934-0B7E-49AE-B38D-E5798CE46464}"
EndProject
Project("{FAE04EC0-301F-11D3-BF4B-00C04F79EFBC}") = "Sales", "Sales\Sales.csproj", "{291C1DA0-B168-4A27-AACF-837234912970}"
EndProject
Project("{FAE04EC0-301F-11D3-BF4B-00C04F79EFBC}") = "Billing", "Billing\Billing.csproj", "{638237BA-C546-452D-8C32-538720D6CB58}"
EndProject
Project("{FAE04EC0-301F-11D3-BF4B-00C04F79EFBC}") = "Shipping", "Shipping\Shipping.csproj", "{518FB7C1-4D35-4BB1-91E5-66BBA52D61D7}"
EndProject
Global
	GlobalSection(SolutionConfigurationPlatforms) = preSolution
		Debug|Any CPU = Debug|Any CPU
		Release|Any CPU = Release|Any CPU
	EndGlobalSection
	GlobalSection(ProjectConfigurationPlatforms) = postSolution
		{1639BA6D-8E95-45F5-B4F3-608AE54B0B16}.Debug|Any CPU.ActiveCfg = Debug|Any CPU
		{1639BA6D-8E95-45F5-B4F3-608AE54B0B16}.Debug|Any CPU.Build.0 = Debug|Any CPU
		{1639BA6D-8E95-45F5-B4F3-608AE54B0B16}.Release|Any CPU.ActiveCfg = Release|Any CPU
		{1639BA6D-8E95-45F5-B4F3-608AE54B0B16}.Release|Any CPU.Build.0 = Release|Any CPU
		{503DA934-0B7E-49AE-B38D-E5798CE46464}.Debug|Any CPU.ActiveCfg = Debug|Any CPU
		{503DA934-0B7E-49AE-B38D-E5798CE46464}.Debug|Any CPU.Build.0 = Debug|Any CPU
		{503DA934-0B7E-49AE-B38D-E5798CE46464}.Release|Any CPU.ActiveCfg = Release|Any CPU
		{503DA934-0B7E-49AE-B38D-E5798CE46464}.Release|Any CPU.Build.0 = Release|Any CPU
		{291C1DA0-B168-4A27-AACF-837234912970}.Debug|Any CPU.ActiveCfg = Debug|Any CPU
		{291C1DA0-B168-4A27-AACF-837234912970}.Debug|Any CPU.Build.0 = Debug|Any CPU
		{291C1DA0-B168-4A27-AACF-837234912970}.Release|Any CPU.ActiveCfg = Release|Any CPU
		{291C1DA0-B168-4A27-AACF-837234912970}.Release|Any CPU.Build.0 = Release|Any CPU
		{638237BA-C546-452D-8C32-538720D6CB58}.Debug|Any CPU.ActiveCfg = Debug|Any CPU
		{638237BA-C546-452D-8C32-538720D6CB58}.Debug|Any CPU.Build.0 = Debug|Any CPU
		{638237BA-C546-452D-8C32-538720D6CB58}.Release|Any CPU.ActiveCfg = Release|Any CPU
		{638237BA-C546-452D-8C32-538720D6CB58}.Release|Any CPU.Build.0 = Release|Any CPU
		{518FB7C1-4D35-4BB1-91E5-66BBA52D61D7}.Debug|Any CPU.ActiveCfg = Debug|Any CPU
		{518FB7C1-4D35-4BB1-91E5-66BBA52D61D7}.Debug|Any CPU.Build.0 = Debug|Any CPU
		{518FB7C1-4D35-4BB1-91E5-66BBA52D61D7}.Release|Any CPU.ActiveCfg = Release|Any CPU
		{518FB7C1-4D35-4BB1-91E5-66BBA52D61D7}.Release|Any CPU.Build.0 = Release|Any CPU
	EndGlobalSection
	GlobalSection(SolutionProperties) = preSolution
		HideSolutionNode = FALSE
	EndGlobalSection
	GlobalSection(ExtensibilityGlobals) = postSolution
		SolutionGuid = {977E9462-ABD3-4273-BE3F-FA35E531DD68}
	EndGlobalSection
EndGlobal
